
Microsoft Visual Studio Solution File, Format Version 12.00
# Visual Studio Version 16
VisualStudioVersion = 16.0.30503.244
MinimumVisualStudioVersion = 10.0.40219.1
Project("{FAE04EC0-301F-11D3-BF4B-00C04F79EFBC}") = "ToKhaiYTe", "ToKhaiYTe\ToKhaiYTe.csproj", "{FFDF91F7-67AB-47F4-BC7A-900688B256EF}"
EndProject
Global
	GlobalSection(SolutionConfigurationPlatforms) = preSolution
		Debug|Any CPU = Debug|Any CPU
		Release|Any CPU = Release|Any CPU
	EndGlobalSection
	GlobalSection(ProjectConfigurationPlatforms) = postSolution
		{FFDF91F7-67AB-47F4-BC7A-900688B256EF}.Debug|Any CPU.ActiveCfg = Debug|Any CPU
		{FFDF91F7-67AB-47F4-BC7A-900688B256EF}.Debug|Any CPU.Build.0 = Debug|Any CPU
		{FFDF91F7-67AB-47F4-BC7A-900688B256EF}.Release|Any CPU.ActiveCfg = Release|Any CPU
		{FFDF91F7-67AB-47F4-BC7A-900688B256EF}.Release|Any CPU.Build.0 = Release|Any CPU
	EndGlobalSection
	GlobalSection(SolutionProperties) = preSolution
		HideSolutionNode = FALSE
	EndGlobalSection
	GlobalSection(ExtensibilityGlobals) = postSolution
		SolutionGuid = {E0794F03-A638-4CFE-9313-E4A55D7FB1D4}
	EndGlobalSection
EndGlobal
